
Microsoft Visual Studio Solution File, Format Version 12.00
# Visual Studio 15
VisualStudioVersion = 15.0.26730.16
MinimumVisualStudioVersion = 10.0.40219.1
Project("{9A19103F-16F7-4668-BE54-9A1E7A4F7556}") = "Web", "Web\Web.csproj", "{EB910389-A448-4DCF-B08D-D3BBCD74AF60}"
EndProject
Project("{9A19103F-16F7-4668-BE54-9A1E7A4F7556}") = "Common", "Common\Common.csproj", "{E709E002-51EB-428C-888F-A1A4D137760D}"
EndProject
Project("{9A19103F-16F7-4668-BE54-9A1E7A4F7556}") = "Logic", "Logic\Logic.csproj", "{0DD4C42B-ED1E-4661-B38C-EA156CE41FBD}"
EndProject
Global
	GlobalSection(SolutionConfigurationPlatforms) = preSolution
		Debug|Any CPU = Debug|Any CPU
		Release|Any CPU = Release|Any CPU
	EndGlobalSection
	GlobalSection(ProjectConfigurationPlatforms) = postSolution
		{EB910389-A448-4DCF-B08D-D3BBCD74AF60}.Debug|Any CPU.ActiveCfg = Debug|Any CPU
		{EB910389-A448-4DCF-B08D-D3BBCD74AF60}.Debug|Any CPU.Build.0 = Debug|Any CPU
		{EB910389-A448-4DCF-B08D-D3BBCD74AF60}.Release|Any CPU.ActiveCfg = Release|Any CPU
		{EB910389-A448-4DCF-B08D-D3BBCD74AF60}.Release|Any CPU.Build.0 = Release|Any CPU
		{E709E002-51EB-428C-888F-A1A4D137760D}.Debug|Any CPU.ActiveCfg = Debug|Any CPU
		{E709E002-51EB-428C-888F-A1A4D137760D}.Debug|Any CPU.Build.0 = Debug|Any CPU
		{E709E002-51EB-428C-888F-A1A4D137760D}.Release|Any CPU.ActiveCfg = Release|Any CPU
		{E709E002-51EB-428C-888F-A1A4D137760D}.Release|Any CPU.Build.0 = Release|Any CPU
		{0DD4C42B-ED1E-4661-B38C-EA156CE41FBD}.Debug|Any CPU.ActiveCfg = Debug|Any CPU
		{0DD4C42B-ED1E-4661-B38C-EA156CE41FBD}.Debug|Any CPU.Build.0 = Debug|Any CPU
		{0DD4C42B-ED1E-4661-B38C-EA156CE41FBD}.Release|Any CPU.ActiveCfg = Release|Any CPU
		{0DD4C42B-ED1E-4661-B38C-EA156CE41FBD}.Release|Any CPU.Build.0 = Release|Any CPU
	EndGlobalSection
	GlobalSection(SolutionProperties) = preSolution
		HideSolutionNode = FALSE
	EndGlobalSection
	GlobalSection(ExtensibilityGlobals) = postSolution
		SolutionGuid = {8BA24AC6-C1FE-4168-A9F0-1A6ED27B728E}
	EndGlobalSection
EndGlobal
